{
  "lockfileVersion": 1,
  "configVersion": 1,
  "workspaces": {
    "": {
      "name": "@cloudy/opencode-plugin",
      "dependencies": {
        "@opencode-ai/plugin": "1.2.23",
      },
    },
  },
  "packages": {
    "@opencode-ai/plugin": ["@opencode-ai/plugin@1.2.23", "", { "dependencies": { "@opencode-ai/sdk": "1.2.23", "zod": "4.1.8" } }, "sha512-5DRhitKrMK02u0AKrF+jIK+gUj0GyzN34bXkABXgNMTYDPwiMPkh4UPDJjjRrlofRgWQgmSLFc0nARHX4f92qA=="],

    "@opencode-ai/sdk": ["@opencode-ai/sdk@1.2.23", "", {}, "sha512-f0qtJ5GFsEK8fCgT13zL7Ev7lFt03mf9HTQqmpJEgJpDaSx3Mb3ZGJCsfyw48SAASISkq+4Lct/4P17CKG7xUg=="],

    "zod": ["zod@4.1.8", "", {}, "sha512-5R1P+WwQqmmMIEACyzSvo4JXHY5WiAFHRMg+zBZKgKS+Q1viRa0C1hmUKtHltoIFKtIdki3pRxkmpP74jnNYHQ=="],
  }
}
